
Microsoft Visual Studio Solution File, Format Version 12.00
# Visual Studio Version 16
VisualStudioVersion = 16.0.30804.86
MinimumVisualStudioVersion = 10.0.40219.1
Project("{9A19103F-16F7-4668-BE54-9A1E7A4F7556}") = "CursoMVC", "CursoMVC.csproj", "{D1504DE4-7D76-434E-9333-EC74F851FECD}"
EndProject
Project("{FAE04EC0-301F-11D3-BF4B-00C04F79EFBC}") = "CursoAPI", "..\CursoAPI\CursoAPI.csproj", "{E21920B4-7640-4DE5-B92A-19BBA2CEA6CD}"
EndProject
Global
	GlobalSection(SolutionConfigurationPlatforms) = preSolution
		Debug|Any CPU = Debug|Any CPU
		Release|Any CPU = Release|Any CPU
	EndGlobalSection
	GlobalSection(ProjectConfigurationPlatforms) = postSolution
		{D1504DE4-7D76-434E-9333-EC74F851FECD}.Debug|Any CPU.ActiveCfg = Debug|Any CPU
		{D1504DE4-7D76-434E-9333-EC74F851FECD}.Debug|Any CPU.Build.0 = Debug|Any CPU
		{D1504DE4-7D76-434E-9333-EC74F851FECD}.Release|Any CPU.ActiveCfg = Release|Any CPU
		{D1504DE4-7D76-434E-9333-EC74F851FECD}.Release|Any CPU.Build.0 = Release|Any CPU
		{E21920B4-7640-4DE5-B92A-19BBA2CEA6CD}.Debug|Any CPU.ActiveCfg = Debug|Any CPU
		{E21920B4-7640-4DE5-B92A-19BBA2CEA6CD}.Debug|Any CPU.Build.0 = Debug|Any CPU
		{E21920B4-7640-4DE5-B92A-19BBA2CEA6CD}.Release|Any CPU.ActiveCfg = Release|Any CPU
		{E21920B4-7640-4DE5-B92A-19BBA2CEA6CD}.Release|Any CPU.Build.0 = Release|Any CPU
	EndGlobalSection
	GlobalSection(SolutionProperties) = preSolution
		HideSolutionNode = FALSE
	EndGlobalSection
	GlobalSection(ExtensibilityGlobals) = postSolution
		SolutionGuid = {72DE3651-E4AB-496B-A0BE-0BD0F36A234A}
	EndGlobalSection
EndGlobal
